// !$*UTF8*$!
{
	archiveVersion = 1;
	classes = {
	};
	objectVersion = 56;
	objects = {

/* Begin PBXBuildFile section */
		493D94512A6AE38E0079FAE1 /* childCongrats.swift in Sources */ = {isa = PBXBuildFile; fileRef = 493D94502A6AE38E0079FAE1 /* childCongrats.swift */; };
		493D94532A6B1EB90079FAE1 /* PV.swift in Sources */ = {isa = PBXBuildFile; fileRef = 493D94522A6B1EB90079FAE1 /* PV.swift */; };
		493D94552A6B1FC40079FAE1 /* childRegister.swift in Sources */ = {isa = PBXBuildFile; fileRef = 493D94542A6B1FC40079FAE1 /* childRegister.swift */; };
		49C2EFD12A69D69100814F4F /* childHomePark.swift in Sources */ = {isa = PBXBuildFile; fileRef = 49C2EFD02A69D69100814F4F /* childHomePark.swift */; };
		49C2EFD32A69E5C900814F4F /* childStartView.swift in Sources */ = {isa = PBXBuildFile; fileRef = 49C2EFD22A69E5C900814F4F /* childStartView.swift */; };
		49C2EFD52A69F69000814F4F /* childAchievements.swift in Sources */ = {isa = PBXBuildFile; fileRef = 49C2EFD42A69F69000814F4F /* childAchievements.swift */; };
		4B441B132A7094B700393FBC /* UtilityViews.swift in Sources */ = {isa = PBXBuildFile; fileRef = 4B441B112A7093A100393FBC /* UtilityViews.swift */; };
		9B094E0D2A65997C008C39B3 /* EnterChildren.swift in Sources */ = {isa = PBXBuildFile; fileRef = 9B094E0C2A65997C008C39B3 /* EnterChildren.swift */; };
		9B094E0F2A659B4E008C39B3 /* Settings.swift in Sources */ = {isa = PBXBuildFile; fileRef = 9B094E0E2A659B4E008C39B3 /* Settings.swift */; };
		9B094E112A65B724008C39B3 /* UserModel.swift in Sources */ = {isa = PBXBuildFile; fileRef = 9B094E102A65B724008C39B3 /* UserModel.swift */; };
		9B094E152A65BE73008C39B3 /* UserViewModel.swift in Sources */ = {isa = PBXBuildFile; fileRef = 9B094E142A65BE73008C39B3 /* UserViewModel.swift */; };
		9B094E192A65DF12008C39B3 /* parkList.swift in Sources */ = {isa = PBXBuildFile; fileRef = 9B094E182A65DF12008C39B3 /* parkList.swift */; };
		9B556FE52A64A6150098E16E /* Register.swift in Sources */ = {isa = PBXBuildFile; fileRef = 9B556FE42A64A6150098E16E /* Register.swift */; };
		9B6EC8D82A69A38F008146C9 /* Model.xcdatamodeld in Sources */ = {isa = PBXBuildFile; fileRef = 9B6EC8D62A69A38E008146C9 /* Model.xcdatamodeld */; };
		9B6EC8DA2A69A3B1008146C9 /* TestModel.swift in Sources */ = {isa = PBXBuildFile; fileRef = 9B6EC8D92A69A3B1008146C9 /* TestModel.swift */; };
		9B6EC8DE2A69ADCA008146C9 /* test.swift in Sources */ = {isa = PBXBuildFile; fileRef = 9B6EC8DD2A69ADCA008146C9 /* test.swift */; };
		9B6EC8E72A6AE25B008146C9 /* ConfettiSwiftUI in Frameworks */ = {isa = PBXBuildFile; productRef = 9B6EC8E62A6AE25B008146C9 /* ConfettiSwiftUI */; };
		9B6EC8E92A6AE60F008146C9 /* childLogin.swift in Sources */ = {isa = PBXBuildFile; fileRef = 9B6EC8E82A6AE60F008146C9 /* childLogin.swift */; };
		9BA5EA702A61362100095099 /* StartView.swift in Sources */ = {isa = PBXBuildFile; fileRef = 9BA5EA6F2A61362100095099 /* StartView.swift */; };
		9BA5EA722A619FC600095099 /* GuestHome.swift in Sources */ = {isa = PBXBuildFile; fileRef = 9BA5EA712A619FC600095099 /* GuestHome.swift */; };
		9BA5EA742A61B6AB00095099 /* FindPark.swift in Sources */ = {isa = PBXBuildFile; fileRef = 9BA5EA732A61B6AB00095099 /* FindPark.swift */; };
		9BA5EA762A61BD1800095099 /* Login.swift in Sources */ = {isa = PBXBuildFile; fileRef = 9BA5EA752A61BD1800095099 /* Login.swift */; };
		9BAAB0692A673578000BAF23 /* Learning.swift in Sources */ = {isa = PBXBuildFile; fileRef = 9BAAB0682A673578000BAF23 /* Learning.swift */; };
		9BBF53732A70777600C06D04 /* childHomeParkGuest.swift in Sources */ = {isa = PBXBuildFile; fileRef = 9BBF53722A70777600C06D04 /* childHomeParkGuest.swift */; };
		9BD1575E2A706B7500E25AB7 /* FindParkGuest.swift in Sources */ = {isa = PBXBuildFile; fileRef = 9BD1575D2A706B7500E25AB7 /* FindParkGuest.swift */; };
		9BD9A68F2A6750090053E482 /* childHome.swift in Sources */ = {isa = PBXBuildFile; fileRef = 9BD9A68E2A6750090053E482 /* childHome.swift */; };
		9BD9A6912A6750BE0053E482 /* childSettings.swift in Sources */ = {isa = PBXBuildFile; fileRef = 9BD9A6902A6750BE0053E482 /* childSettings.swift */; };
		C905D6232A5F4613009BF5DB /* Achievements.swift in Sources */ = {isa = PBXBuildFile; fileRef = C905D6222A5F4613009BF5DB /* Achievements.swift */; };
		C905D6262A5F4CA6009BF5DB /* Discover.swift in Sources */ = {isa = PBXBuildFile; fileRef = C905D6252A5F4CA6009BF5DB /* Discover.swift */; };
		C905D6282A5F4DAA009BF5DB /* Home.swift in Sources */ = {isa = PBXBuildFile; fileRef = C905D6272A5F4DAA009BF5DB /* Home.swift */; };
		C905D62C2A5F609D009BF5DB /* HomeModel.swift in Sources */ = {isa = PBXBuildFile; fileRef = C905D62B2A5F609D009BF5DB /* HomeModel.swift */; };
		C905D6322A609666009BF5DB /* HomeViewModel.swift in Sources */ = {isa = PBXBuildFile; fileRef = C905D6312A609666009BF5DB /* HomeViewModel.swift */; };
		C905D6352A60C35D009BF5DB /* AchievmentsModel.swift in Sources */ = {isa = PBXBuildFile; fileRef = C905D6342A60C35D009BF5DB /* AchievmentsModel.swift */; };
		C905D6372A60E210009BF5DB /* AchievementsViewModel.swift in Sources */ = {isa = PBXBuildFile; fileRef = C905D6362A60E210009BF5DB /* AchievementsViewModel.swift */; };
		C905D6392A60EFAE009BF5DB /* CalendarView.swift in Sources */ = {isa = PBXBuildFile; fileRef = C905D6382A60EFAE009BF5DB /* CalendarView.swift */; };
		C905D63D2A62006B009BF5DB /* Lesson.swift in Sources */ = {isa = PBXBuildFile; fileRef = C905D63C2A62006B009BF5DB /* Lesson.swift */; };
		C905D64B2A698C0E009BF5DB /* childDiscoverActive.swift in Sources */ = {isa = PBXBuildFile; fileRef = C905D64A2A698C0E009BF5DB /* childDiscoverActive.swift */; };
		C905D64D2A698D67009BF5DB /* childContentView.swift in Sources */ = {isa = PBXBuildFile; fileRef = C905D64C2A698D67009BF5DB /* childContentView.swift */; };
		C905D64F2A69922D009BF5DB /* childCustomNavBar.swift in Sources */ = {isa = PBXBuildFile; fileRef = C905D64E2A69922D009BF5DB /* childCustomNavBar.swift */; };
		C905D6512A69A1E8009BF5DB /* childDiscoverScroll.swift in Sources */ = {isa = PBXBuildFile; fileRef = C905D6502A69A1E8009BF5DB /* childDiscoverScroll.swift */; };
		C905D6532A69B285009BF5DB /* childStartLesson.swift in Sources */ = {isa = PBXBuildFile; fileRef = C905D6522A69B285009BF5DB /* childStartLesson.swift */; };
		C905D6552A69EB5F009BF5DB /* childDiscoverUnactive.swift in Sources */ = {isa = PBXBuildFile; fileRef = C905D6542A69EB5F009BF5DB /* childDiscoverUnactive.swift */; };
		C905D6572A69FE53009BF5DB /* childLesson.swift in Sources */ = {isa = PBXBuildFile; fileRef = C905D6562A69FE53009BF5DB /* childLesson.swift */; };
		C905D6592A69FFDF009BF5DB /* childLessonMaterial.swift in Sources */ = {isa = PBXBuildFile; fileRef = C905D6582A69FFDF009BF5DB /* childLessonMaterial.swift */; };
		C905D65B2A6A34F8009BF5DB /* childEndingLessonMaterial.swift in Sources */ = {isa = PBXBuildFile; fileRef = C905D65A2A6A34F8009BF5DB /* childEndingLessonMaterial.swift */; };
		C9219DD72A5CACC400A65277 /* PowerPlayApp.swift in Sources */ = {isa = PBXBuildFile; fileRef = C9219DD62A5CACC400A65277 /* PowerPlayApp.swift */; };
		C9219DD92A5CACC400A65277 /* ContentView.swift in Sources */ = {isa = PBXBuildFile; fileRef = C9219DD82A5CACC400A65277 /* ContentView.swift */; };
		C9219DDB2A5CACC600A65277 /* Assets.xcassets in Resources */ = {isa = PBXBuildFile; fileRef = C9219DDA2A5CACC600A65277 /* Assets.xcassets */; };
		C9219DDE2A5CACC600A65277 /* Preview Assets.xcassets in Resources */ = {isa = PBXBuildFile; fileRef = C9219DDD2A5CACC600A65277 /* Preview Assets.xcassets */; };
		C9219DE82A5CACC600A65277 /* PowerPlayTests.swift in Sources */ = {isa = PBXBuildFile; fileRef = C9219DE72A5CACC600A65277 /* PowerPlayTests.swift */; };
		C9219DF22A5CACC600A65277 /* PowerPlayUITests.swift in Sources */ = {isa = PBXBuildFile; fileRef = C9219DF12A5CACC600A65277 /* PowerPlayUITests.swift */; };
		C9219DF42A5CACC600A65277 /* PowerPlayUITestsLaunchTests.swift in Sources */ = {isa = PBXBuildFile; fileRef = C9219DF32A5CACC600A65277 /* PowerPlayUITestsLaunchTests.swift */; };
		C9E6E1CB2A6ADC1F00D4FFA8 /* childModel.swift in Sources */ = {isa = PBXBuildFile; fileRef = C9E6E1CA2A6ADC1F00D4FFA8 /* childModel.swift */; };
		C9E6E1CD2A6ADE1E00D4FFA8 /* childViewModel.swift in Sources */ = {isa = PBXBuildFile; fileRef = C9E6E1CC2A6ADE1E00D4FFA8 /* childViewModel.swift */; };
		C9E6E1CF2A70D68F00D4FFA8 /* PowerPlay Badges 3.imported.usdz in Resources */ = {isa = PBXBuildFile; fileRef = C9E6E1CE2A70D68F00D4FFA8 /* PowerPlay Badges 3.imported.usdz */; };
		C9E6E1D12A70DD9100D4FFA8 /* PowerPlay Badges.exported.usdz in Resources */ = {isa = PBXBuildFile; fileRef = C9E6E1D02A70DD9100D4FFA8 /* PowerPlay Badges.exported.usdz */; };
		C9E6E1D32A70DDA000D4FFA8 /* PowerPlay Badges 2.imported.usdz in Resources */ = {isa = PBXBuildFile; fileRef = C9E6E1D22A70DD9F00D4FFA8 /* PowerPlay Badges 2.imported.usdz */; };
/* End PBXBuildFile section */

/* Begin PBXContainerItemProxy section */
		C9219DE42A5CACC600A65277 /* PBXContainerItemProxy */ = {
			isa = PBXContainerItemProxy;
			containerPortal = C9219DCB2A5CACC400A65277 /* Project object */;
			proxyType = 1;
			remoteGlobalIDString = C9219DD22A5CACC400A65277;
			remoteInfo = PowerPlay;
		};
		C9219DEE2A5CACC600A65277 /* PBXContainerItemProxy */ = {
			isa = PBXContainerItemProxy;
			containerPortal = C9219DCB2A5CACC400A65277 /* Project object */;
			proxyType = 1;
			remoteGlobalIDString = C9219DD22A5CACC400A65277;
			remoteInfo = PowerPlay;
		};
/* End PBXContainerItemProxy section */

/* Begin PBXFileReference section */
		493D94502A6AE38E0079FAE1 /* childCongrats.swift */ = {isa = PBXFileReference; lastKnownFileType = sourcecode.swift; path = childCongrats.swift; sourceTree = "<group>"; };
		493D94522A6B1EB90079FAE1 /* PV.swift */ = {isa = PBXFileReference; lastKnownFileType = sourcecode.swift; path = PV.swift; sourceTree = "<group>"; };
		493D94542A6B1FC40079FAE1 /* childRegister.swift */ = {isa = PBXFileReference; lastKnownFileType = sourcecode.swift; path = childRegister.swift; sourceTree = "<group>"; };
		49C2EFD02A69D69100814F4F /* childHomePark.swift */ = {isa = PBXFileReference; lastKnownFileType = sourcecode.swift; path = childHomePark.swift; sourceTree = "<group>"; };
		49C2EFD22A69E5C900814F4F /* childStartView.swift */ = {isa = PBXFileReference; lastKnownFileType = sourcecode.swift; path = childStartView.swift; sourceTree = "<group>"; };
		49C2EFD42A69F69000814F4F /* childAchievements.swift */ = {isa = PBXFileReference; lastKnownFileType = sourcecode.swift; path = childAchievements.swift; sourceTree = "<group>"; };
		4B441B112A7093A100393FBC /* UtilityViews.swift */ = {isa = PBXFileReference; lastKnownFileType = sourcecode.swift; path = UtilityViews.swift; sourceTree = "<group>"; };
		9B094E0C2A65997C008C39B3 /* EnterChildren.swift */ = {isa = PBXFileReference; lastKnownFileType = sourcecode.swift; path = EnterChildren.swift; sourceTree = "<group>"; };
		9B094E0E2A659B4E008C39B3 /* Settings.swift */ = {isa = PBXFileReference; lastKnownFileType = sourcecode.swift; path = Settings.swift; sourceTree = "<group>"; };
		9B094E102A65B724008C39B3 /* UserModel.swift */ = {isa = PBXFileReference; lastKnownFileType = sourcecode.swift; path = UserModel.swift; sourceTree = "<group>"; };
		9B094E142A65BE73008C39B3 /* UserViewModel.swift */ = {isa = PBXFileReference; lastKnownFileType = sourcecode.swift; path = UserViewModel.swift; sourceTree = "<group>"; };
		9B094E182A65DF12008C39B3 /* parkList.swift */ = {isa = PBXFileReference; lastKnownFileType = sourcecode.swift; path = parkList.swift; sourceTree = "<group>"; };
		9B556FE32A64A5100098E16E /* PowerPlay.entitlements */ = {isa = PBXFileReference; lastKnownFileType = text.plist.entitlements; path = PowerPlay.entitlements; sourceTree = "<group>"; };
		9B556FE42A64A6150098E16E /* Register.swift */ = {isa = PBXFileReference; lastKnownFileType = sourcecode.swift; path = Register.swift; sourceTree = "<group>"; };
		9B6EC8D72A69A38F008146C9 /* Model.xcdatamodel */ = {isa = PBXFileReference; lastKnownFileType = wrapper.xcdatamodel; path = Model.xcdatamodel; sourceTree = "<group>"; };
		9B6EC8D92A69A3B1008146C9 /* TestModel.swift */ = {isa = PBXFileReference; lastKnownFileType = sourcecode.swift; path = TestModel.swift; sourceTree = "<group>"; };
		9B6EC8DD2A69ADCA008146C9 /* test.swift */ = {isa = PBXFileReference; lastKnownFileType = sourcecode.swift; path = test.swift; sourceTree = "<group>"; };
		9B6EC8E82A6AE60F008146C9 /* childLogin.swift */ = {isa = PBXFileReference; lastKnownFileType = sourcecode.swift; path = childLogin.swift; sourceTree = "<group>"; };
		9BA5EA6F2A61362100095099 /* StartView.swift */ = {isa = PBXFileReference; lastKnownFileType = sourcecode.swift; path = StartView.swift; sourceTree = "<group>"; };
		9BA5EA712A619FC600095099 /* GuestHome.swift */ = {isa = PBXFileReference; lastKnownFileType = sourcecode.swift; path = GuestHome.swift; sourceTree = "<group>"; };
		9BA5EA732A61B6AB00095099 /* FindPark.swift */ = {isa = PBXFileReference; lastKnownFileType = sourcecode.swift; path = FindPark.swift; sourceTree = "<group>"; };
		9BA5EA752A61BD1800095099 /* Login.swift */ = {isa = PBXFileReference; lastKnownFileType = sourcecode.swift; path = Login.swift; sourceTree = "<group>"; };
		9BAAB0682A673578000BAF23 /* Learning.swift */ = {isa = PBXFileReference; lastKnownFileType = sourcecode.swift; path = Learning.swift; sourceTree = "<group>"; };
		9BBF53722A70777600C06D04 /* childHomeParkGuest.swift */ = {isa = PBXFileReference; lastKnownFileType = sourcecode.swift; path = childHomeParkGuest.swift; sourceTree = "<group>"; };
		9BD1575D2A706B7500E25AB7 /* FindParkGuest.swift */ = {isa = PBXFileReference; lastKnownFileType = sourcecode.swift; path = FindParkGuest.swift; sourceTree = "<group>"; };
		9BD9A68E2A6750090053E482 /* childHome.swift */ = {isa = PBXFileReference; lastKnownFileType = sourcecode.swift; path = childHome.swift; sourceTree = "<group>"; };
		9BD9A6902A6750BE0053E482 /* childSettings.swift */ = {isa = PBXFileReference; lastKnownFileType = sourcecode.swift; path = childSettings.swift; sourceTree = "<group>"; };
		C905D6222A5F4613009BF5DB /* Achievements.swift */ = {isa = PBXFileReference; lastKnownFileType = sourcecode.swift; path = Achievements.swift; sourceTree = "<group>"; };
		C905D6252A5F4CA6009BF5DB /* Discover.swift */ = {isa = PBXFileReference; lastKnownFileType = sourcecode.swift; path = Discover.swift; sourceTree = "<group>"; };
		C905D6272A5F4DAA009BF5DB /* Home.swift */ = {isa = PBXFileReference; lastKnownFileType = sourcecode.swift; path = Home.swift; sourceTree = "<group>"; };
		C905D62B2A5F609D009BF5DB /* HomeModel.swift */ = {isa = PBXFileReference; lastKnownFileType = sourcecode.swift; path = HomeModel.swift; sourceTree = "<group>"; };
		C905D6312A609666009BF5DB /* HomeViewModel.swift */ = {isa = PBXFileReference; lastKnownFileType = sourcecode.swift; path = HomeViewModel.swift; sourceTree = "<group>"; };
		C905D6342A60C35D009BF5DB /* AchievmentsModel.swift */ = {isa = PBXFileReference; lastKnownFileType = sourcecode.swift; path = AchievmentsModel.swift; sourceTree = "<group>"; };
		C905D6362A60E210009BF5DB /* AchievementsViewModel.swift */ = {isa = PBXFileReference; lastKnownFileType = sourcecode.swift; path = AchievementsViewModel.swift; sourceTree = "<group>"; };
		C905D6382A60EFAE009BF5DB /* CalendarView.swift */ = {isa = PBXFileReference; lastKnownFileType = sourcecode.swift; path = CalendarView.swift; sourceTree = "<group>"; };
		C905D63C2A62006B009BF5DB /* Lesson.swift */ = {isa = PBXFileReference; lastKnownFileType = sourcecode.swift; path = Lesson.swift; sourceTree = "<group>"; };
		C905D64A2A698C0E009BF5DB /* childDiscoverActive.swift */ = {isa = PBXFileReference; lastKnownFileType = sourcecode.swift; path = childDiscoverActive.swift; sourceTree = "<group>"; };
		C905D64C2A698D67009BF5DB /* childContentView.swift */ = {isa = PBXFileReference; lastKnownFileType = sourcecode.swift; path = childContentView.swift; sourceTree = "<group>"; };
		C905D64E2A69922D009BF5DB /* childCustomNavBar.swift */ = {isa = PBXFileReference; lastKnownFileType = sourcecode.swift; path = childCustomNavBar.swift; sourceTree = "<group>"; };
		C905D6502A69A1E8009BF5DB /* childDiscoverScroll.swift */ = {isa = PBXFileReference; lastKnownFileType = sourcecode.swift; path = childDiscoverScroll.swift; sourceTree = "<group>"; };
		C905D6522A69B285009BF5DB /* childStartLesson.swift */ = {isa = PBXFileReference; lastKnownFileType = sourcecode.swift; path = childStartLesson.swift; sourceTree = "<group>"; };
		C905D6542A69EB5F009BF5DB /* childDiscoverUnactive.swift */ = {isa = PBXFileReference; lastKnownFileType = sourcecode.swift; path = childDiscoverUnactive.swift; sourceTree = "<group>"; };
		C905D6562A69FE53009BF5DB /* childLesson.swift */ = {isa = PBXFileReference; lastKnownFileType = sourcecode.swift; path = childLesson.swift; sourceTree = "<group>"; };
		C905D6582A69FFDF009BF5DB /* childLessonMaterial.swift */ = {isa = PBXFileReference; lastKnownFileType = sourcecode.swift; path = childLessonMaterial.swift; sourceTree = "<group>"; };
		C905D65A2A6A34F8009BF5DB /* childEndingLessonMaterial.swift */ = {isa = PBXFileReference; lastKnownFileType = sourcecode.swift; path = childEndingLessonMaterial.swift; sourceTree = "<group>"; };
		C9219DD32A5CACC400A65277 /* PowerPlay.app */ = {isa = PBXFileReference; explicitFileType = wrapper.application; includeInIndex = 0; path = PowerPlay.app; sourceTree = BUILT_PRODUCTS_DIR; };
		C9219DD62A5CACC400A65277 /* PowerPlayApp.swift */ = {isa = PBXFileReference; lastKnownFileType = sourcecode.swift; path = PowerPlayApp.swift; sourceTree = "<group>"; };
		C9219DD82A5CACC400A65277 /* ContentView.swift */ = {isa = PBXFileReference; lastKnownFileType = sourcecode.swift; path = ContentView.swift; sourceTree = "<group>"; };
		C9219DDA2A5CACC600A65277 /* Assets.xcassets */ = {isa = PBXFileReference; lastKnownFileType = folder.assetcatalog; path = Assets.xcassets; sourceTree = "<group>"; };
		C9219DDD2A5CACC600A65277 /* Preview Assets.xcassets */ = {isa = PBXFileReference; lastKnownFileType = folder.assetcatalog; path = "Preview Assets.xcassets"; sourceTree = "<group>"; };
		C9219DE32A5CACC600A65277 /* PowerPlayTests.xctest */ = {isa = PBXFileReference; explicitFileType = wrapper.cfbundle; includeInIndex = 0; path = PowerPlayTests.xctest; sourceTree = BUILT_PRODUCTS_DIR; };
		C9219DE72A5CACC600A65277 /* PowerPlayTests.swift */ = {isa = PBXFileReference; lastKnownFileType = sourcecode.swift; path = PowerPlayTests.swift; sourceTree = "<group>"; };
		C9219DED2A5CACC600A65277 /* PowerPlayUITests.xctest */ = {isa = PBXFileReference; explicitFileType = wrapper.cfbundle; includeInIndex = 0; path = PowerPlayUITests.xctest; sourceTree = BUILT_PRODUCTS_DIR; };
		C9219DF12A5CACC600A65277 /* PowerPlayUITests.swift */ = {isa = PBXFileReference; lastKnownFileType = sourcecode.swift; path = PowerPlayUITests.swift; sourceTree = "<group>"; };
		C9219DF32A5CACC600A65277 /* PowerPlayUITestsLaunchTests.swift */ = {isa = PBXFileReference; lastKnownFileType = sourcecode.swift; path = PowerPlayUITestsLaunchTests.swift; sourceTree = "<group>"; };
		C9E6E1CA2A6ADC1F00D4FFA8 /* childModel.swift */ = {isa = PBXFileReference; lastKnownFileType = sourcecode.swift; path = childModel.swift; sourceTree = "<group>"; };
		C9E6E1CC2A6ADE1E00D4FFA8 /* childViewModel.swift */ = {isa = PBXFileReference; lastKnownFileType = sourcecode.swift; path = childViewModel.swift; sourceTree = "<group>"; };
		C9E6E1CE2A70D68F00D4FFA8 /* PowerPlay Badges 3.imported.usdz */ = {isa = PBXFileReference; lastKnownFileType = file.usdz; path = "PowerPlay Badges 3.imported.usdz"; sourceTree = "<group>"; };
		C9E6E1D02A70DD9100D4FFA8 /* PowerPlay Badges.exported.usdz */ = {isa = PBXFileReference; lastKnownFileType = file.usdz; path = "PowerPlay Badges.exported.usdz"; sourceTree = "<group>"; };
		C9E6E1D22A70DD9F00D4FFA8 /* PowerPlay Badges 2.imported.usdz */ = {isa = PBXFileReference; lastKnownFileType = file.usdz; path = "PowerPlay Badges 2.imported.usdz"; sourceTree = "<group>"; };
/* End PBXFileReference section */

/* Begin PBXFrameworksBuildPhase section */
		C9219DD02A5CACC400A65277 /* Frameworks */ = {
			isa = PBXFrameworksBuildPhase;
			buildActionMask = 2147483647;
			files = (
				9B6EC8E72A6AE25B008146C9 /* ConfettiSwiftUI in Frameworks */,
			);
			runOnlyForDeploymentPostprocessing = 0;
		};
		C9219DE02A5CACC600A65277 /* Frameworks */ = {
			isa = PBXFrameworksBuildPhase;
			buildActionMask = 2147483647;
			files = (
			);
			runOnlyForDeploymentPostprocessing = 0;
		};
		C9219DEA2A5CACC600A65277 /* Frameworks */ = {
			isa = PBXFrameworksBuildPhase;
			buildActionMask = 2147483647;
			files = (
			);
			runOnlyForDeploymentPostprocessing = 0;
		};
/* End PBXFrameworksBuildPhase section */

/* Begin PBXGroup section */
		9B094E1A2A65E0A2008C39B3 /* ParkResources */ = {
			isa = PBXGroup;
			children = (
				9B094E182A65DF12008C39B3 /* parkList.swift */,
				9BA5EA732A61B6AB00095099 /* FindPark.swift */,
				9BD1575D2A706B7500E25AB7 /* FindParkGuest.swift */,
			);
			path = ParkResources;
			sourceTree = "<group>";
		};
		9B556FE82A64C2670098E16E /* Parent */ = {
			isa = PBXGroup;
			children = (
				C905D6272A5F4DAA009BF5DB /* Home.swift */,
				C905D63C2A62006B009BF5DB /* Lesson.swift */,
				C905D6252A5F4CA6009BF5DB /* Discover.swift */,
				C905D6222A5F4613009BF5DB /* Achievements.swift */,
				C9219DD82A5CACC400A65277 /* ContentView.swift */,
				9B094E0C2A65997C008C39B3 /* EnterChildren.swift */,
				9B094E0E2A659B4E008C39B3 /* Settings.swift */,
				9BAAB0682A673578000BAF23 /* Learning.swift */,
			);
			path = Parent;
			sourceTree = "<group>";
		};
		9B556FE92A64C2A00098E16E /* Account */ = {
			isa = PBXGroup;
			children = (
				9BA5EA712A619FC600095099 /* GuestHome.swift */,
				9BA5EA6F2A61362100095099 /* StartView.swift */,
				9B556FE42A64A6150098E16E /* Register.swift */,
				9BA5EA752A61BD1800095099 /* Login.swift */,
			);
			path = Account;
			sourceTree = "<group>";
		};
		9BD9A68B2A674F900053E482 /* Child */ = {
			isa = PBXGroup;
			children = (
				9BD9A68E2A6750090053E482 /* childHome.swift */,
				493D94502A6AE38E0079FAE1 /* childCongrats.swift */,
				49C2EFD02A69D69100814F4F /* childHomePark.swift */,
				49C2EFD42A69F69000814F4F /* childAchievements.swift */,
				9BD9A6902A6750BE0053E482 /* childSettings.swift */,
				49C2EFD22A69E5C900814F4F /* childStartView.swift */,
				493D94542A6B1FC40079FAE1 /* childRegister.swift */,
				C905D64C2A698D67009BF5DB /* childContentView.swift */,
				C905D64A2A698C0E009BF5DB /* childDiscoverActive.swift */,
				C905D6522A69B285009BF5DB /* childStartLesson.swift */,
				C905D6502A69A1E8009BF5DB /* childDiscoverScroll.swift */,
				C905D6562A69FE53009BF5DB /* childLesson.swift */,
				C905D6582A69FFDF009BF5DB /* childLessonMaterial.swift */,
				4B441B112A7093A100393FBC /* UtilityViews.swift */,
				C905D65A2A6A34F8009BF5DB /* childEndingLessonMaterial.swift */,
				C905D6542A69EB5F009BF5DB /* childDiscoverUnactive.swift */,
				C905D64E2A69922D009BF5DB /* childCustomNavBar.swift */,
				9B6EC8E82A6AE60F008146C9 /* childLogin.swift */,
				9BBF53722A70777600C06D04 /* childHomeParkGuest.swift */,
			);
			path = Child;
			sourceTree = "<group>";
		};
		C905D6242A5F46F0009BF5DB /* Views */ = {
			isa = PBXGroup;
			children = (
				9BD9A68B2A674F900053E482 /* Child */,
				9B094E1A2A65E0A2008C39B3 /* ParkResources */,
				9B556FE82A64C2670098E16E /* Parent */,
				9B556FE92A64C2A00098E16E /* Account */,
				9B6EC8DD2A69ADCA008146C9 /* test.swift */,
			);
			path = Views;
			sourceTree = "<group>";
		};
		C905D62D2A5F60F8009BF5DB /* Models */ = {
			isa = PBXGroup;
			children = (
				9B6EC8D92A69A3B1008146C9 /* TestModel.swift */,
				9B6EC8D62A69A38E008146C9 /* Model.xcdatamodeld */,
				C905D62B2A5F609D009BF5DB /* HomeModel.swift */,
				C905D6342A60C35D009BF5DB /* AchievmentsModel.swift */,
				C9E6E1CA2A6ADC1F00D4FFA8 /* childModel.swift */,
				9B094E102A65B724008C39B3 /* UserModel.swift */,
			);
			path = Models;
			sourceTree = "<group>";
		};
		C905D6332A60966B009BF5DB /* ViewModels */ = {
			isa = PBXGroup;
			children = (
				C905D6312A609666009BF5DB /* HomeViewModel.swift */,
				C905D6362A60E210009BF5DB /* AchievementsViewModel.swift */,
				C9E6E1CC2A6ADE1E00D4FFA8 /* childViewModel.swift */,
				9B094E142A65BE73008C39B3 /* UserViewModel.swift */,
				493D94522A6B1EB90079FAE1 /* PV.swift */,
			);
			path = ViewModels;
			sourceTree = "<group>";
		};
		C9219DCA2A5CACC400A65277 = {
			isa = PBXGroup;
			children = (
				C9E6E1D22A70DD9F00D4FFA8 /* PowerPlay Badges 2.imported.usdz */,
				C9E6E1D02A70DD9100D4FFA8 /* PowerPlay Badges.exported.usdz */,
				C9E6E1CE2A70D68F00D4FFA8 /* PowerPlay Badges 3.imported.usdz */,
				C905D6382A60EFAE009BF5DB /* CalendarView.swift */,
				C9219DD52A5CACC400A65277 /* PowerPlay */,
				C9219DE62A5CACC600A65277 /* PowerPlayTests */,
				C9219DF02A5CACC600A65277 /* PowerPlayUITests */,
				C9219DD42A5CACC400A65277 /* Products */,
			);
			sourceTree = "<group>";
		};
		C9219DD42A5CACC400A65277 /* Products */ = {
			isa = PBXGroup;
			children = (
				C9219DD32A5CACC400A65277 /* PowerPlay.app */,
				C9219DE32A5CACC600A65277 /* PowerPlayTests.xctest */,
				C9219DED2A5CACC600A65277 /* PowerPlayUITests.xctest */,
			);
			name = Products;
			sourceTree = "<group>";
		};
		C9219DD52A5CACC400A65277 /* PowerPlay */ = {
			isa = PBXGroup;
			children = (
				9B556FE32A64A5100098E16E /* PowerPlay.entitlements */,
				C9219DD62A5CACC400A65277 /* PowerPlayApp.swift */,
				C905D6332A60966B009BF5DB /* ViewModels */,
				C905D62D2A5F60F8009BF5DB /* Models */,
				C905D6242A5F46F0009BF5DB /* Views */,
				C9219DDA2A5CACC600A65277 /* Assets.xcassets */,
				C9219DDC2A5CACC600A65277 /* Preview Content */,
			);
			path = PowerPlay;
			sourceTree = "<group>";
		};
		C9219DDC2A5CACC600A65277 /* Preview Content */ = {
			isa = PBXGroup;
			children = (
				C9219DDD2A5CACC600A65277 /* Preview Assets.xcassets */,
			);
			path = "Preview Content";
			sourceTree = "<group>";
		};
		C9219DE62A5CACC600A65277 /* PowerPlayTests */ = {
			isa = PBXGroup;
			children = (
				C9219DE72A5CACC600A65277 /* PowerPlayTests.swift */,
			);
			path = PowerPlayTests;
			sourceTree = "<group>";
		};
		C9219DF02A5CACC600A65277 /* PowerPlayUITests */ = {
			isa = PBXGroup;
			children = (
				C9219DF12A5CACC600A65277 /* PowerPlayUITests.swift */,
				C9219DF32A5CACC600A65277 /* PowerPlayUITestsLaunchTests.swift */,
			);
			path = PowerPlayUITests;
			sourceTree = "<group>";
		};
/* End PBXGroup section */

/* Begin PBXNativeTarget section */
		C9219DD22A5CACC400A65277 /* PowerPlay */ = {
			isa = PBXNativeTarget;
			buildConfigurationList = C9219DF72A5CACC600A65277 /* Build configuration list for PBXNativeTarget "PowerPlay" */;
			buildPhases = (
				C9219DCF2A5CACC400A65277 /* Sources */,
				C9219DD02A5CACC400A65277 /* Frameworks */,
				C9219DD12A5CACC400A65277 /* Resources */,
			);
			buildRules = (
			);
			dependencies = (
			);
			name = PowerPlay;
			packageProductDependencies = (
				9B6EC8E62A6AE25B008146C9 /* ConfettiSwiftUI */,
			);
			productName = PowerPlay;
			productReference = C9219DD32A5CACC400A65277 /* PowerPlay.app */;
			productType = "com.apple.product-type.application";
		};
		C9219DE22A5CACC600A65277 /* PowerPlayTests */ = {
			isa = PBXNativeTarget;
			buildConfigurationList = C9219DFA2A5CACC600A65277 /* Build configuration list for PBXNativeTarget "PowerPlayTests" */;
			buildPhases = (
				C9219DDF2A5CACC600A65277 /* Sources */,
				C9219DE02A5CACC600A65277 /* Frameworks */,
				C9219DE12A5CACC600A65277 /* Resources */,
			);
			buildRules = (
			);
			dependencies = (
				C9219DE52A5CACC600A65277 /* PBXTargetDependency */,
			);
			name = PowerPlayTests;
			productName = PowerPlayTests;
			productReference = C9219DE32A5CACC600A65277 /* PowerPlayTests.xctest */;
			productType = "com.apple.product-type.bundle.unit-test";
		};
		C9219DEC2A5CACC600A65277 /* PowerPlayUITests */ = {
			isa = PBXNativeTarget;
			buildConfigurationList = C9219DFD2A5CACC600A65277 /* Build configuration list for PBXNativeTarget "PowerPlayUITests" */;
			buildPhases = (
				C9219DE92A5CACC600A65277 /* Sources */,
				C9219DEA2A5CACC600A65277 /* Frameworks */,
				C9219DEB2A5CACC600A65277 /* Resources */,
			);
			buildRules = (
			);
			dependencies = (
				C9219DEF2A5CACC600A65277 /* PBXTargetDependency */,
			);
			name = PowerPlayUITests;
			productName = PowerPlayUITests;
			productReference = C9219DED2A5CACC600A65277 /* PowerPlayUITests.xctest */;
			productType = "com.apple.product-type.bundle.ui-testing";
		};
/* End PBXNativeTarget section */

/* Begin PBXProject section */
		C9219DCB2A5CACC400A65277 /* Project object */ = {
			isa = PBXProject;
			attributes = {
				BuildIndependentTargetsInParallel = 1;
				LastSwiftUpdateCheck = 1430;
				LastUpgradeCheck = 1430;
				TargetAttributes = {
					C9219DD22A5CACC400A65277 = {
						CreatedOnToolsVersion = 14.3.1;
					};
					C9219DE22A5CACC600A65277 = {
						CreatedOnToolsVersion = 14.3.1;
						TestTargetID = C9219DD22A5CACC400A65277;
					};
					C9219DEC2A5CACC600A65277 = {
						CreatedOnToolsVersion = 14.3.1;
						TestTargetID = C9219DD22A5CACC400A65277;
					};
				};
			};
			buildConfigurationList = C9219DCE2A5CACC400A65277 /* Build configuration list for PBXProject "PowerPlay" */;
			compatibilityVersion = "Xcode 14.0";
			developmentRegion = en;
			hasScannedForEncodings = 0;
			knownRegions = (
				en,
				Base,
			);
			mainGroup = C9219DCA2A5CACC400A65277;
			packageReferences = (
				9B6EC8E52A6AE25B008146C9 /* XCRemoteSwiftPackageReference "ConfettiSwiftUI" */,
			);
			productRefGroup = C9219DD42A5CACC400A65277 /* Products */;
			projectDirPath = "";
			projectRoot = "";
			targets = (
				C9219DD22A5CACC400A65277 /* PowerPlay */,
				C9219DE22A5CACC600A65277 /* PowerPlayTests */,
				C9219DEC2A5CACC600A65277 /* PowerPlayUITests */,
			);
		};
/* End PBXProject section */

/* Begin PBXResourcesBuildPhase section */
		C9219DD12A5CACC400A65277 /* Resources */ = {
			isa = PBXResourcesBuildPhase;
			buildActionMask = 2147483647;
			files = (
				C9E6E1D32A70DDA000D4FFA8 /* PowerPlay Badges 2.imported.usdz in Resources */,
				C9E6E1D12A70DD9100D4FFA8 /* PowerPlay Badges.exported.usdz in Resources */,
				C9E6E1CF2A70D68F00D4FFA8 /* PowerPlay Badges 3.imported.usdz in Resources */,
				C9219DDE2A5CACC600A65277 /* Preview Assets.xcassets in Resources */,
				C9219DDB2A5CACC600A65277 /* Assets.xcassets in Resources */,
			);
			runOnlyForDeploymentPostprocessing = 0;
		};
		C9219DE12A5CACC600A65277 /* Resources */ = {
			isa = PBXResourcesBuildPhase;
			buildActionMask = 2147483647;
			files = (
			);
			runOnlyForDeploymentPostprocessing = 0;
		};
		C9219DEB2A5CACC600A65277 /* Resources */ = {
			isa = PBXResourcesBuildPhase;
			buildActionMask = 2147483647;
			files = (
			);
			runOnlyForDeploymentPostprocessing = 0;
		};
/* End PBXResourcesBuildPhase section */

/* Begin PBXSourcesBuildPhase section */
		C9219DCF2A5CACC400A65277 /* Sources */ = {
			isa = PBXSourcesBuildPhase;
			buildActionMask = 2147483647;
			files = (
				9B6EC8E92A6AE60F008146C9 /* childLogin.swift in Sources */,
				C905D6352A60C35D009BF5DB /* AchievmentsModel.swift in Sources */,
				C9E6E1CD2A6ADE1E00D4FFA8 /* childViewModel.swift in Sources */,
				9B094E112A65B724008C39B3 /* UserModel.swift in Sources */,
				C905D65B2A6A34F8009BF5DB /* childEndingLessonMaterial.swift in Sources */,
				9B556FE52A64A6150098E16E /* Register.swift in Sources */,
				C9E6E1CB2A6ADC1F00D4FFA8 /* childModel.swift in Sources */,
				493D94532A6B1EB90079FAE1 /* PV.swift in Sources */,
				9BA5EA742A61B6AB00095099 /* FindPark.swift in Sources */,
				C905D6592A69FFDF009BF5DB /* childLessonMaterial.swift in Sources */,
				C905D6572A69FE53009BF5DB /* childLesson.swift in Sources */,
				C905D6262A5F4CA6009BF5DB /* Discover.swift in Sources */,
				9BA5EA702A61362100095099 /* StartView.swift in Sources */,
				C905D63D2A62006B009BF5DB /* Lesson.swift in Sources */,
				C9219DD92A5CACC400A65277 /* ContentView.swift in Sources */,
				4B441B132A7094B700393FBC /* UtilityViews.swift in Sources */,
				C905D64B2A698C0E009BF5DB /* childDiscoverActive.swift in Sources */,
				9BA5EA762A61BD1800095099 /* Login.swift in Sources */,
				C905D6532A69B285009BF5DB /* childStartLesson.swift in Sources */,
				9BA5EA722A619FC600095099 /* GuestHome.swift in Sources */,
				9B6EC8D82A69A38F008146C9 /* Model.xcdatamodeld in Sources */,
				9B6EC8DA2A69A3B1008146C9 /* TestModel.swift in Sources */,
				C905D6322A609666009BF5DB /* HomeViewModel.swift in Sources */,
				C905D62C2A5F609D009BF5DB /* HomeModel.swift in Sources */,
				49C2EFD12A69D69100814F4F /* childHomePark.swift in Sources */,
				49C2EFD32A69E5C900814F4F /* childStartView.swift in Sources */,
				9B094E0D2A65997C008C39B3 /* EnterChildren.swift in Sources */,
				9B094E0F2A659B4E008C39B3 /* Settings.swift in Sources */,
				C905D6512A69A1E8009BF5DB /* childDiscoverScroll.swift in Sources */,
				C905D6552A69EB5F009BF5DB /* childDiscoverUnactive.swift in Sources */,
				9BD9A6912A6750BE0053E482 /* childSettings.swift in Sources */,
				9BD9A68F2A6750090053E482 /* childHome.swift in Sources */,
				C905D6392A60EFAE009BF5DB /* CalendarView.swift in Sources */,
				C905D64F2A69922D009BF5DB /* childCustomNavBar.swift in Sources */,
				9BBF53732A70777600C06D04 /* childHomeParkGuest.swift in Sources */,
				C905D64D2A698D67009BF5DB /* childContentView.swift in Sources */,
				C905D6372A60E210009BF5DB /* AchievementsViewModel.swift in Sources */,
				9BAAB0692A673578000BAF23 /* Learning.swift in Sources */,
				49C2EFD52A69F69000814F4F /* childAchievements.swift in Sources */,
				9BD1575E2A706B7500E25AB7 /* FindParkGuest.swift in Sources */,
				C905D6282A5F4DAA009BF5DB /* Home.swift in Sources */,
				9B6EC8DE2A69ADCA008146C9 /* test.swift in Sources */,
				C905D6232A5F4613009BF5DB /* Achievements.swift in Sources */,
				9B094E192A65DF12008C39B3 /* parkList.swift in Sources */,
				493D94512A6AE38E0079FAE1 /* childCongrats.swift in Sources */,
				9B094E152A65BE73008C39B3 /* UserViewModel.swift in Sources */,
				493D94552A6B1FC40079FAE1 /* childRegister.swift in Sources */,
				C9219DD72A5CACC400A65277 /* PowerPlayApp.swift in Sources */,
			);
			runOnlyForDeploymentPostprocessing = 0;
		};
		C9219DDF2A5CACC600A65277 /* Sources */ = {
			isa = PBXSourcesBuildPhase;
			buildActionMask = 2147483647;
			files = (
				C9219DE82A5CACC600A65277 /* PowerPlayTests.swift in Sources */,
			);
			runOnlyForDeploymentPostprocessing = 0;
		};
		C9219DE92A5CACC600A65277 /* Sources */ = {
			isa = PBXSourcesBuildPhase;
			buildActionMask = 2147483647;
			files = (
				C9219DF42A5CACC600A65277 /* PowerPlayUITestsLaunchTests.swift in Sources */,
				C9219DF22A5CACC600A65277 /* PowerPlayUITests.swift in Sources */,
			);
			runOnlyForDeploymentPostprocessing = 0;
		};
/* End PBXSourcesBuildPhase section */

/* Begin PBXTargetDependency section */
		C9219DE52A5CACC600A65277 /* PBXTargetDependency */ = {
			isa = PBXTargetDependency;
			target = C9219DD22A5CACC400A65277 /* PowerPlay */;
			targetProxy = C9219DE42A5CACC600A65277 /* PBXContainerItemProxy */;
		};
		C9219DEF2A5CACC600A65277 /* PBXTargetDependency */ = {
			isa = PBXTargetDependency;
			target = C9219DD22A5CACC400A65277 /* PowerPlay */;
			targetProxy = C9219DEE2A5CACC600A65277 /* PBXContainerItemProxy */;
		};
/* End PBXTargetDependency section */

/* Begin XCBuildConfiguration section */
		C9219DF52A5CACC600A65277 /* Debug */ = {
			isa = XCBuildConfiguration;
			buildSettings = {
				ALWAYS_SEARCH_USER_PATHS = NO;
				CLANG_ANALYZER_NONNULL = YES;
				CLANG_ANALYZER_NUMBER_OBJECT_CONVERSION = YES_AGGRESSIVE;
				CLANG_CXX_LANGUAGE_STANDARD = "gnu++20";
				CLANG_ENABLE_MODULES = YES;
				CLANG_ENABLE_OBJC_ARC = YES;
				CLANG_ENABLE_OBJC_WEAK = YES;
				CLANG_WARN_BLOCK_CAPTURE_AUTORELEASING = YES;
				CLANG_WARN_BOOL_CONVERSION = YES;
				CLANG_WARN_COMMA = YES;
				CLANG_WARN_CONSTANT_CONVERSION = YES;
				CLANG_WARN_DEPRECATED_OBJC_IMPLEMENTATIONS = YES;
				CLANG_WARN_DIRECT_OBJC_ISA_USAGE = YES_ERROR;
				CLANG_WARN_DOCUMENTATION_COMMENTS = YES;
				CLANG_WARN_EMPTY_BODY = YES;
				CLANG_WARN_ENUM_CONVERSION = YES;
				CLANG_WARN_INFINITE_RECURSION = YES;
				CLANG_WARN_INT_CONVERSION = YES;
				CLANG_WARN_NON_LITERAL_NULL_CONVERSION = YES;
				CLANG_WARN_OBJC_IMPLICIT_RETAIN_SELF = YES;
				CLANG_WARN_OBJC_LITERAL_CONVERSION = YES;
				CLANG_WARN_OBJC_ROOT_CLASS = YES_ERROR;
				CLANG_WARN_QUOTED_INCLUDE_IN_FRAMEWORK_HEADER = YES;
				CLANG_WARN_RANGE_LOOP_ANALYSIS = YES;
				CLANG_WARN_STRICT_PROTOTYPES = YES;
				CLANG_WARN_SUSPICIOUS_MOVE = YES;
				CLANG_WARN_UNGUARDED_AVAILABILITY = YES_AGGRESSIVE;
				CLANG_WARN_UNREACHABLE_CODE = YES;
				CLANG_WARN__DUPLICATE_METHOD_MATCH = YES;
				COPY_PHASE_STRIP = NO;
				DEBUG_INFORMATION_FORMAT = dwarf;
				ENABLE_STRICT_OBJC_MSGSEND = YES;
				ENABLE_TESTABILITY = YES;
				GCC_C_LANGUAGE_STANDARD = gnu11;
				GCC_DYNAMIC_NO_PIC = NO;
				GCC_NO_COMMON_BLOCKS = YES;
				GCC_OPTIMIZATION_LEVEL = 0;
				GCC_PREPROCESSOR_DEFINITIONS = (
					"DEBUG=1",
					"$(inherited)",
				);
				GCC_WARN_64_TO_32_BIT_CONVERSION = YES;
				GCC_WARN_ABOUT_RETURN_TYPE = YES_ERROR;
				GCC_WARN_UNDECLARED_SELECTOR = YES;
				GCC_WARN_UNINITIALIZED_AUTOS = YES_AGGRESSIVE;
				GCC_WARN_UNUSED_FUNCTION = YES;
				GCC_WARN_UNUSED_VARIABLE = YES;
				IPHONEOS_DEPLOYMENT_TARGET = 16.4;
				MTL_ENABLE_DEBUG_INFO = INCLUDE_SOURCE;
				MTL_FAST_MATH = YES;
				ONLY_ACTIVE_ARCH = YES;
				SDKROOT = iphoneos;
				SWIFT_ACTIVE_COMPILATION_CONDITIONS = DEBUG;
				SWIFT_OPTIMIZATION_LEVEL = "-Onone";
			};
			name = Debug;
		};
		C9219DF62A5CACC600A65277 /* Release */ = {
			isa = XCBuildConfiguration;
			buildSettings = {
				ALWAYS_SEARCH_USER_PATHS = NO;
				CLANG_ANALYZER_NONNULL = YES;
				CLANG_ANALYZER_NUMBER_OBJECT_CONVERSION = YES_AGGRESSIVE;
				CLANG_CXX_LANGUAGE_STANDARD = "gnu++20";
				CLANG_ENABLE_MODULES = YES;
				CLANG_ENABLE_OBJC_ARC = YES;
				CLANG_ENABLE_OBJC_WEAK = YES;
				CLANG_WARN_BLOCK_CAPTURE_AUTORELEASING = YES;
				CLANG_WARN_BOOL_CONVERSION = YES;
				CLANG_WARN_COMMA = YES;
				CLANG_WARN_CONSTANT_CONVERSION = YES;
				CLANG_WARN_DEPRECATED_OBJC_IMPLEMENTATIONS = YES;
				CLANG_WARN_DIRECT_OBJC_ISA_USAGE = YES_ERROR;
				CLANG_WARN_DOCUMENTATION_COMMENTS = YES;
				CLANG_WARN_EMPTY_BODY = YES;
				CLANG_WARN_ENUM_CONVERSION = YES;
				CLANG_WARN_INFINITE_RECURSION = YES;
				CLANG_WARN_INT_CONVERSION = YES;
				CLANG_WARN_NON_LITERAL_NULL_CONVERSION = YES;
				CLANG_WARN_OBJC_IMPLICIT_RETAIN_SELF = YES;
				CLANG_WARN_OBJC_LITERAL_CONVERSION = YES;
				CLANG_WARN_OBJC_ROOT_CLASS = YES_ERROR;
				CLANG_WARN_QUOTED_INCLUDE_IN_FRAMEWORK_HEADER = YES;
				CLANG_WARN_RANGE_LOOP_ANALYSIS = YES;
				CLANG_WARN_STRICT_PROTOTYPES = YES;
				CLANG_WARN_SUSPICIOUS_MOVE = YES;
				CLANG_WARN_UNGUARDED_AVAILABILITY = YES_AGGRESSIVE;
				CLANG_WARN_UNREACHABLE_CODE = YES;
				CLANG_WARN__DUPLICATE_METHOD_MATCH = YES;
				COPY_PHASE_STRIP = NO;
				DEBUG_INFORMATION_FORMAT = "dwarf-with-dsym";
				ENABLE_NS_ASSERTIONS = NO;
				ENABLE_STRICT_OBJC_MSGSEND = YES;
				GCC_C_LANGUAGE_STANDARD = gnu11;
				GCC_NO_COMMON_BLOCKS = YES;
				GCC_WARN_64_TO_32_BIT_CONVERSION = YES;
				GCC_WARN_ABOUT_RETURN_TYPE = YES_ERROR;
				GCC_WARN_UNDECLARED_SELECTOR = YES;
				GCC_WARN_UNINITIALIZED_AUTOS = YES_AGGRESSIVE;
				GCC_WARN_UNUSED_FUNCTION = YES;
				GCC_WARN_UNUSED_VARIABLE = YES;
				IPHONEOS_DEPLOYMENT_TARGET = 16.4;
				MTL_ENABLE_DEBUG_INFO = NO;
				MTL_FAST_MATH = YES;
				SDKROOT = iphoneos;
				SWIFT_COMPILATION_MODE = wholemodule;
				SWIFT_OPTIMIZATION_LEVEL = "-O";
				VALIDATE_PRODUCT = YES;
			};
			name = Release;
		};
		C9219DF82A5CACC600A65277 /* Debug */ = {
			isa = XCBuildConfiguration;
			buildSettings = {
				ASSETCATALOG_COMPILER_APPICON_NAME = AppIcon;
				ASSETCATALOG_COMPILER_GLOBAL_ACCENT_COLOR_NAME = AccentColor;
				CODE_SIGN_ENTITLEMENTS = PowerPlay/PowerPlay.entitlements;
				CODE_SIGN_STYLE = Automatic;
				CURRENT_PROJECT_VERSION = 1;
				DEVELOPMENT_ASSET_PATHS = "\"PowerPlay/Preview Content\"";
				ENABLE_PREVIEWS = YES;
				GENERATE_INFOPLIST_FILE = YES;
				INFOPLIST_KEY_UIApplicationSceneManifest_Generation = YES;
				INFOPLIST_KEY_UIApplicationSupportsIndirectInputEvents = YES;
				INFOPLIST_KEY_UILaunchScreen_Generation = YES;
				INFOPLIST_KEY_UISupportedInterfaceOrientations_iPad = "UIInterfaceOrientationPortrait UIInterfaceOrientationPortraitUpsideDown UIInterfaceOrientationLandscapeLeft UIInterfaceOrientationLandscapeRight";
				INFOPLIST_KEY_UISupportedInterfaceOrientations_iPhone = "UIInterfaceOrientationPortrait UIInterfaceOrientationLandscapeLeft UIInterfaceOrientationLandscapeRight";
				LD_RUNPATH_SEARCH_PATHS = (
					"$(inherited)",
					"@executable_path/Frameworks",
				);
				MARKETING_VERSION = 1.0;
				PRODUCT_BUNDLE_IDENTIFIER = Palliate.PowerPlay;
				PRODUCT_NAME = "$(TARGET_NAME)";
				SWIFT_EMIT_LOC_STRINGS = YES;
				SWIFT_VERSION = 5.0;
				TARGETED_DEVICE_FAMILY = "1,2";
			};
			name = Debug;
		};
		C9219DF92A5CACC600A65277 /* Release */ = {
			isa = XCBuildConfiguration;
			buildSettings = {
				ASSETCATALOG_COMPILER_APPICON_NAME = AppIcon;
				ASSETCATALOG_COMPILER_GLOBAL_ACCENT_COLOR_NAME = AccentColor;
				CODE_SIGN_ENTITLEMENTS = PowerPlay/PowerPlay.entitlements;
				CODE_SIGN_STYLE = Automatic;
				CURRENT_PROJECT_VERSION = 1;
				DEVELOPMENT_ASSET_PATHS = "\"PowerPlay/Preview Content\"";
				ENABLE_PREVIEWS = YES;
				GENERATE_INFOPLIST_FILE = YES;
				INFOPLIST_KEY_UIApplicationSceneManifest_Generation = YES;
				INFOPLIST_KEY_UIApplicationSupportsIndirectInputEvents = YES;
				INFOPLIST_KEY_UILaunchScreen_Generation = YES;
				INFOPLIST_KEY_UISupportedInterfaceOrientations_iPad = "UIInterfaceOrientationPortrait UIInterfaceOrientationPortraitUpsideDown UIInterfaceOrientationLandscapeLeft UIInterfaceOrientationLandscapeRight";
				INFOPLIST_KEY_UISupportedInterfaceOrientations_iPhone = "UIInterfaceOrientationPortrait UIInterfaceOrientationLandscapeLeft UIInterfaceOrientationLandscapeRight";
				LD_RUNPATH_SEARCH_PATHS = (
					"$(inherited)",
					"@executable_path/Frameworks",
				);
				MARKETING_VERSION = 1.0;
				PRODUCT_BUNDLE_IDENTIFIER = Palliate.PowerPlay;
				PRODUCT_NAME = "$(TARGET_NAME)";
				SWIFT_EMIT_LOC_STRINGS = YES;
				SWIFT_VERSION = 5.0;
				TARGETED_DEVICE_FAMILY = "1,2";
			};
			name = Release;
		};
		C9219DFB2A5CACC600A65277 /* Debug */ = {
			isa = XCBuildConfiguration;
			buildSettings = {
				ALWAYS_EMBED_SWIFT_STANDARD_LIBRARIES = YES;
				BUNDLE_LOADER = "$(TEST_HOST)";
				CODE_SIGN_STYLE = Automatic;
				CURRENT_PROJECT_VERSION = 1;
				GENERATE_INFOPLIST_FILE = YES;
				IPHONEOS_DEPLOYMENT_TARGET = 16.4;
				MARKETING_VERSION = 1.0;
				PRODUCT_BUNDLE_IDENTIFIER = Palliate.PowerPlayTests;
				PRODUCT_NAME = "$(TARGET_NAME)";
				SWIFT_EMIT_LOC_STRINGS = NO;
				SWIFT_VERSION = 5.0;
				TARGETED_DEVICE_FAMILY = "1,2";
				TEST_HOST = "$(BUILT_PRODUCTS_DIR)/PowerPlay.app/$(BUNDLE_EXECUTABLE_FOLDER_PATH)/PowerPlay";
			};
			name = Debug;
		};
		C9219DFC2A5CACC600A65277 /* Release */ = {
			isa = XCBuildConfiguration;
			buildSettings = {
				ALWAYS_EMBED_SWIFT_STANDARD_LIBRARIES = YES;
				BUNDLE_LOADER = "$(TEST_HOST)";
				CODE_SIGN_STYLE = Automatic;
				CURRENT_PROJECT_VERSION = 1;
				GENERATE_INFOPLIST_FILE = YES;
				IPHONEOS_DEPLOYMENT_TARGET = 16.4;
				MARKETING_VERSION = 1.0;
				PRODUCT_BUNDLE_IDENTIFIER = Palliate.PowerPlayTests;
				PRODUCT_NAME = "$(TARGET_NAME)";
				SWIFT_EMIT_LOC_STRINGS = NO;
				SWIFT_VERSION = 5.0;
				TARGETED_DEVICE_FAMILY = "1,2";
				TEST_HOST = "$(BUILT_PRODUCTS_DIR)/PowerPlay.app/$(BUNDLE_EXECUTABLE_FOLDER_PATH)/PowerPlay";
			};
			name = Release;
		};
		C9219DFE2A5CACC600A65277 /* Debug */ = {
			isa = XCBuildConfiguration;
			buildSettings = {
				ALWAYS_EMBED_SWIFT_STANDARD_LIBRARIES = YES;
				CODE_SIGN_STYLE = Automatic;
				CURRENT_PROJECT_VERSION = 1;
				GENERATE_INFOPLIST_FILE = YES;
				MARKETING_VERSION = 1.0;
				PRODUCT_BUNDLE_IDENTIFIER = Palliate.PowerPlayUITests;
				PRODUCT_NAME = "$(TARGET_NAME)";
				SWIFT_EMIT_LOC_STRINGS = NO;
				SWIFT_VERSION = 5.0;
				TARGETED_DEVICE_FAMILY = "1,2";
				TEST_TARGET_NAME = PowerPlay;
			};
			name = Debug;
		};
		C9219DFF2A5CACC600A65277 /* Release */ = {
			isa = XCBuildConfiguration;
			buildSettings = {
				ALWAYS_EMBED_SWIFT_STANDARD_LIBRARIES = YES;
				CODE_SIGN_STYLE = Automatic;
				CURRENT_PROJECT_VERSION = 1;
				GENERATE_INFOPLIST_FILE = YES;
				MARKETING_VERSION = 1.0;
				PRODUCT_BUNDLE_IDENTIFIER = Palliate.PowerPlayUITests;
				PRODUCT_NAME = "$(TARGET_NAME)";
				SWIFT_EMIT_LOC_STRINGS = NO;
				SWIFT_VERSION = 5.0;
				TARGETED_DEVICE_FAMILY = "1,2";
				TEST_TARGET_NAME = PowerPlay;
			};
			name = Release;
		};
/* End XCBuildConfiguration section */

/* Begin XCConfigurationList section */
		C9219DCE2A5CACC400A65277 /* Build configuration list for PBXProject "PowerPlay" */ = {
			isa = XCConfigurationList;
			buildConfigurations = (
				C9219DF52A5CACC600A65277 /* Debug */,
				C9219DF62A5CACC600A65277 /* Release */,
			);
			defaultConfigurationIsVisible = 0;
			defaultConfigurationName = Release;
		};
		C9219DF72A5CACC600A65277 /* Build configuration list for PBXNativeTarget "PowerPlay" */ = {
			isa = XCConfigurationList;
			buildConfigurations = (
				C9219DF82A5CACC600A65277 /* Debug */,
				C9219DF92A5CACC600A65277 /* Release */,
			);
			defaultConfigurationIsVisible = 0;
			defaultConfigurationName = Release;
		};
		C9219DFA2A5CACC600A65277 /* Build configuration list for PBXNativeTarget "PowerPlayTests" */ = {
			isa = XCConfigurationList;
			buildConfigurations = (
				C9219DFB2A5CACC600A65277 /* Debug */,
				C9219DFC2A5CACC600A65277 /* Release */,
			);
			defaultConfigurationIsVisible = 0;
			defaultConfigurationName = Release;
		};
		C9219DFD2A5CACC600A65277 /* Build configuration list for PBXNativeTarget "PowerPlayUITests" */ = {
			isa = XCConfigurationList;
			buildConfigurations = (
				C9219DFE2A5CACC600A65277 /* Debug */,
				C9219DFF2A5CACC600A65277 /* Release */,
			);
			defaultConfigurationIsVisible = 0;
			defaultConfigurationName = Release;
		};
/* End XCConfigurationList section */

/* Begin XCRemoteSwiftPackageReference section */
		9B6EC8E52A6AE25B008146C9 /* XCRemoteSwiftPackageReference "ConfettiSwiftUI" */ = {
			isa = XCRemoteSwiftPackageReference;
			repositoryURL = "https://github.com/simibac/ConfettiSwiftUI.git";
			requirement = {
				kind = upToNextMajorVersion;
				minimumVersion = 1.0.0;
			};
		};
/* End XCRemoteSwiftPackageReference section */

/* Begin XCSwiftPackageProductDependency section */
		9B6EC8E62A6AE25B008146C9 /* ConfettiSwiftUI */ = {
			isa = XCSwiftPackageProductDependency;
			package = 9B6EC8E52A6AE25B008146C9 /* XCRemoteSwiftPackageReference "ConfettiSwiftUI" */;
			productName = ConfettiSwiftUI;
		};
/* End XCSwiftPackageProductDependency section */

/* Begin XCVersionGroup section */
		9B6EC8D62A69A38E008146C9 /* Model.xcdatamodeld */ = {
			isa = XCVersionGroup;
			children = (
				9B6EC8D72A69A38F008146C9 /* Model.xcdatamodel */,
			);
			currentVersion = 9B6EC8D72A69A38F008146C9 /* Model.xcdatamodel */;
			path = Model.xcdatamodeld;
			sourceTree = "<group>";
			versionGroupType = wrapper.xcdatamodel;
		};
/* End XCVersionGroup section */
	};
	rootObject = C9219DCB2A5CACC400A65277 /* Project object */;
}
